
Microsoft Visual Studio Solution File, Format Version 12.00
# Visual Studio Version 17
VisualStudioVersion = 17.10.35122.118
MinimumVisualStudioVersion = 10.0.40219.1
Project("{FAE04EC0-301F-11D3-BF4B-00C04F79EFBC}") = "SupplyChainHub", "SupplyChainHub.csproj", "{494725B6-95F5-41AB-95FB-BEA5FEABA93E}"
EndProject
Global
	GlobalSection(SolutionConfigurationPlatforms) = preSolution
		Debug|Any CPU = Debug|Any CPU
		Release|Any CPU = Release|Any CPU
	EndGlobalSection
	GlobalSection(ProjectConfigurationPlatforms) = postSolution
		{494725B6-95F5-41AB-95FB-BEA5FEABA93E}.Debug|Any CPU.ActiveCfg = Debug|Any CPU
		{494725B6-95F5-41AB-95FB-BEA5FEABA93E}.Debug|Any CPU.Build.0 = Debug|Any CPU
		{494725B6-95F5-41AB-95FB-BEA5FEABA93E}.Release|Any CPU.ActiveCfg = Release|Any CPU
		{494725B6-95F5-41AB-95FB-BEA5FEABA93E}.Release|Any CPU.Build.0 = Release|Any CPU
	EndGlobalSection
	GlobalSection(SolutionProperties) = preSolution
		HideSolutionNode = FALSE
	EndGlobalSection
	GlobalSection(ExtensibilityGlobals) = postSolution
		SolutionGuid = {3E1762DA-2A08-4D08-BF18-4786AF6A2138}
	EndGlobalSection
EndGlobal
